
Microsoft Visual Studio Solution File, Format Version 12.00
# Visual Studio Version 16
VisualStudioVersion = 16.0.28803.202
MinimumVisualStudioVersion = 10.0.40219.1
Project("{9A19103F-16F7-4668-BE54-9A1E7A4F7556}") = "Netezos.Ledger", "Netezos.Ledger\Netezos.Ledger.csproj", "{62A45E8D-6F4E-4BCA-9936-DA4400F5277C}"
EndProject
Project("{9A19103F-16F7-4668-BE54-9A1E7A4F7556}") = "Netezos", "Netezos\Netezos.csproj", "{BABFBBB7-6480-4481-83F2-DF4CE9781495}"
EndProject
Project("{9A19103F-16F7-4668-BE54-9A1E7A4F7556}") = "Netezos.Tests", "Netezos.Tests\Netezos.Tests.csproj", "{BB1E179B-ADA8-4F29-80C0-4A9C05DA077E}"
EndProject
Global
	GlobalSection(SolutionConfigurationPlatforms) = preSolution
		Debug|Any CPU = Debug|Any CPU
		Debug|x64 = Debug|x64
		Debug|x86 = Debug|x86
		Release|Any CPU = Release|Any CPU
		Release|x64 = Release|x64
		Release|x86 = Release|x86
	EndGlobalSection
	GlobalSection(ProjectConfigurationPlatforms) = postSolution
		{62A45E8D-6F4E-4BCA-9936-DA4400F5277C}.Debug|Any CPU.ActiveCfg = Debug|Any CPU
		{62A45E8D-6F4E-4BCA-9936-DA4400F5277C}.Debug|Any CPU.Build.0 = Debug|Any CPU
		{62A45E8D-6F4E-4BCA-9936-DA4400F5277C}.Debug|x64.ActiveCfg = Debug|Any CPU
		{62A45E8D-6F4E-4BCA-9936-DA4400F5277C}.Debug|x64.Build.0 = Debug|Any CPU
		{62A45E8D-6F4E-4BCA-9936-DA4400F5277C}.Debug|x86.ActiveCfg = Debug|Any CPU
		{62A45E8D-6F4E-4BCA-9936-DA4400F5277C}.Debug|x86.Build.0 = Debug|Any CPU
		{62A45E8D-6F4E-4BCA-9936-DA4400F5277C}.Release|Any CPU.ActiveCfg = Release|Any CPU
		{62A45E8D-6F4E-4BCA-9936-DA4400F5277C}.Release|Any CPU.Build.0 = Release|Any CPU
		{62A45E8D-6F4E-4BCA-9936-DA4400F5277C}.Release|x64.ActiveCfg = Release|Any CPU
		{62A45E8D-6F4E-4BCA-9936-DA4400F5277C}.Release|x64.Build.0 = Release|Any CPU
		{62A45E8D-6F4E-4BCA-9936-DA4400F5277C}.Release|x86.ActiveCfg = Release|Any CPU
		{62A45E8D-6F4E-4BCA-9936-DA4400F5277C}.Release|x86.Build.0 = Release|Any CPU
		{BABFBBB7-6480-4481-83F2-DF4CE9781495}.Debug|Any CPU.ActiveCfg = Debug|Any CPU
		{BABFBBB7-6480-4481-83F2-DF4CE9781495}.Debug|Any CPU.Build.0 = Debug|Any CPU
		{BABFBBB7-6480-4481-83F2-DF4CE9781495}.Debug|x64.ActiveCfg = Debug|Any CPU
		{BABFBBB7-6480-4481-83F2-DF4CE9781495}.Debug|x64.Build.0 = Debug|Any CPU
		{BABFBBB7-6480-4481-83F2-DF4CE9781495}.Debug|x86.ActiveCfg = Debug|Any CPU
		{BABFBBB7-6480-4481-83F2-DF4CE9781495}.Debug|x86.Build.0 = Debug|Any CPU
		{BABFBBB7-6480-4481-83F2-DF4CE9781495}.Release|Any CPU.ActiveCfg = Release|Any CPU
		{BABFBBB7-6480-4481-83F2-DF4CE9781495}.Release|Any CPU.Build.0 = Release|Any CPU
		{BABFBBB7-6480-4481-83F2-DF4CE9781495}.Release|x64.ActiveCfg = Release|Any CPU
		{BABFBBB7-6480-4481-83F2-DF4CE9781495}.Release|x64.Build.0 = Release|Any CPU
		{BABFBBB7-6480-4481-83F2-DF4CE9781495}.Release|x86.ActiveCfg = Release|Any CPU
		{BABFBBB7-6480-4481-83F2-DF4CE9781495}.Release|x86.Build.0 = Release|Any CPU
		{BB1E179B-ADA8-4F29-80C0-4A9C05DA077E}.Debug|Any CPU.ActiveCfg = Debug|Any CPU
		{BB1E179B-ADA8-4F29-80C0-4A9C05DA077E}.Debug|Any CPU.Build.0 = Debug|Any CPU
		{BB1E179B-ADA8-4F29-80C0-4A9C05DA077E}.Debug|x64.ActiveCfg = Debug|Any CPU
		{BB1E179B-ADA8-4F29-80C0-4A9C05DA077E}.Debug|x64.Build.0 = Debug|Any CPU
		{BB1E179B-ADA8-4F29-80C0-4A9C05DA077E}.Debug|x86.ActiveCfg = Debug|Any CPU
		{BB1E179B-ADA8-4F29-80C0-4A9C05DA077E}.Debug|x86.Build.0 = Debug|Any CPU
		{BB1E179B-ADA8-4F29-80C0-4A9C05DA077E}.Release|Any CPU.ActiveCfg = Release|Any CPU
		{BB1E179B-ADA8-4F29-80C0-4A9C05DA077E}.Release|Any CPU.Build.0 = Release|Any CPU
		{BB1E179B-ADA8-4F29-80C0-4A9C05DA077E}.Release|x64.ActiveCfg = Release|Any CPU
		{BB1E179B-ADA8-4F29-80C0-4A9C05DA077E}.Release|x64.Build.0 = Release|Any CPU
		{BB1E179B-ADA8-4F29-80C0-4A9C05DA077E}.Release|x86.ActiveCfg = Release|Any CPU
		{BB1E179B-ADA8-4F29-80C0-4A9C05DA077E}.Release|x86.Build.0 = Release|Any CPU
	EndGlobalSection
	GlobalSection(SolutionProperties) = preSolution
		HideSolutionNode = FALSE
	EndGlobalSection
	GlobalSection(ExtensibilityGlobals) = postSolution
		SolutionGuid = {7A5E31CC-B5F4-44AE-B012-420D07E2F985}
	EndGlobalSection
EndGlobal
